Microsoft Visual Studio Solution File, Format Version 8.00
Project("{8BC9CEB8-8B4A-11D0-8D11-00A0C91BC942}") = "ParvicursorLib", "..\..\ParvicursorLib\ParvicursorLib.vcproj", "{5AA9B888-33DE-4948-A2D0-8BC44A46AFC7}"
	ProjectSection(ProjectDependencies) = postProject
	EndProjectSection
EndProject
Project("{8BC9CEB8-8B4A-11D0-8D11-00A0C91BC942}") = "xDFSServer_exe", "..\..\xDFSServer_exe\xDFSServer_exe.vcproj", "{476B4425-CE04-4AD1-8BB0-FA458E8EEAE4}"
	ProjectSection(ProjectDependencies) = postProject
	EndProjectSection
EndProject
Project("{8BC9CEB8-8B4A-11D0-8D11-00A0C91BC942}") = "xThreadSampleDLL", "..\xThreadSampleDLL\xThreadSampleDLL.vcproj", "{17B74909-7E91-46F2-B313-458084C87495}"
	ProjectSection(ProjectDependencies) = postProject
	EndProjectSection
EndProject
Project("{8BC9CEB8-8B4A-11D0-8D11-00A0C91BC942}") = "xThreadAddNumbersDispatcher", "..\xThreadAddNumbersDispatcher\xThreadAddNumbersDispatcher.vcproj", "{225640FC-9D76-4A51-A883-AC8ECBFC9B07}"
	ProjectSection(ProjectDependencies) = postProject
	EndProjectSection
EndProject
Project("{8BC9CEB8-8B4A-11D0-8D11-00A0C91BC942}") = "xDFSClient_test", "..\..\xDFSClient_test\xDFSClient_test.vcproj", "{8A751AC0-9A87-48AB-826E-AB61C09FF25B}"
	ProjectSection(ProjectDependencies) = postProject
	EndProjectSection
EndProject
Global
	GlobalSection(SolutionConfiguration) = preSolution
		Debug = Debug
		Release = Release
	EndGlobalSection
	GlobalSection(ProjectConfiguration) = postSolution
		{5AA9B888-33DE-4948-A2D0-8BC44A46AFC7}.Debug.ActiveCfg = Debug|Win32
		{5AA9B888-33DE-4948-A2D0-8BC44A46AFC7}.Debug.Build.0 = Debug|Win32
		{5AA9B888-33DE-4948-A2D0-8BC44A46AFC7}.Release.ActiveCfg = Release|Win32
		{5AA9B888-33DE-4948-A2D0-8BC44A46AFC7}.Release.Build.0 = Release|Win32
		{476B4425-CE04-4AD1-8BB0-FA458E8EEAE4}.Debug.ActiveCfg = Debug|Win32
		{476B4425-CE04-4AD1-8BB0-FA458E8EEAE4}.Debug.Build.0 = Debug|Win32
		{476B4425-CE04-4AD1-8BB0-FA458E8EEAE4}.Release.ActiveCfg = Release|Win32
		{476B4425-CE04-4AD1-8BB0-FA458E8EEAE4}.Release.Build.0 = Release|Win32
		{17B74909-7E91-46F2-B313-458084C87495}.Debug.ActiveCfg = Debug|Win32
		{17B74909-7E91-46F2-B313-458084C87495}.Debug.Build.0 = Debug|Win32
		{17B74909-7E91-46F2-B313-458084C87495}.Release.ActiveCfg = Release|Win32
		{17B74909-7E91-46F2-B313-458084C87495}.Release.Build.0 = Release|Win32
		{225640FC-9D76-4A51-A883-AC8ECBFC9B07}.Debug.ActiveCfg = Debug|Win32
		{225640FC-9D76-4A51-A883-AC8ECBFC9B07}.Debug.Build.0 = Debug|Win32
		{225640FC-9D76-4A51-A883-AC8ECBFC9B07}.Release.ActiveCfg = Release|Win32
		{225640FC-9D76-4A51-A883-AC8ECBFC9B07}.Release.Build.0 = Release|Win32
		{8A751AC0-9A87-48AB-826E-AB61C09FF25B}.Debug.ActiveCfg = Debug|Win32
		{8A751AC0-9A87-48AB-826E-AB61C09FF25B}.Debug.Build.0 = Debug|Win32
		{8A751AC0-9A87-48AB-826E-AB61C09FF25B}.Release.ActiveCfg = Release|Win32
		{8A751AC0-9A87-48AB-826E-AB61C09FF25B}.Release.Build.0 = Release|Win32
	EndGlobalSection
	GlobalSection(ExtensibilityGlobals) = postSolution
	EndGlobalSection
	GlobalSection(ExtensibilityAddIns) = postSolution
	EndGlobalSection
EndGlobal
