<?xml version="1.0" encoding="UTF-8" standalone="yes" ?>
<CodeBlocks_project_file>
	<FileVersion major="1" minor="6" />
	<Project>
		<Option title="Cryptography" />
		<Option pch_mode="2" />
		<Option compiler="gcc" />
		<Build>
			<Target title="Debug">
				<Option output="bin/Debug/Cryptography.exe" prefix_auto="0" extension_auto="0" />
				<Option object_output="bin/Debug" />
				<Option type="1" />
				<Option compiler="gcc" />
				<Compiler>
					<Add option="-g" />
					<Add option="-W" />
					<Add option="-O0" />
					<Add option="-D_DEBUG" />
					<Add option="-D_CONSOLE" />
					<Add directory="../../Parvicursor/Parvicursor/Parvicursor.Cryptography/cryptopp/Include" />
				</Compiler>
				<ResourceCompiler>
					<Add directory="../../Parvicursor/Parvicursor/Parvicursor.Cryptography/cryptopp/Include" />
				</ResourceCompiler>
				<Linker>
					<Add option="-lpthread -lcryptopp" />
					<Add library="../../ParvicursorLib/bin/Debug/ParvicursorLib.lib" />
					<Add directory="../../Parvicursor/Parvicursor/Parvicursor.Cryptography/cryptopp/lib" />
					<Add directory="../../ParvicursorLib/bin/Debug/" />
				</Linker>
			</Target>
		</Build>
		<Unit filename="ReadMe.txt" />
		<Unit filename="main.cpp" />
						<Extensions>
			<code_completion />
			<debugger />
		</Extensions>
	</Project>
</CodeBlocks_project_file>
