<?xml version="1.0" encoding="UTF-8" standalone="yes" ?>
<CodeBlocks_project_file>
	<FileVersion major="1" minor="6" />
	<Project>
		<Option title="AsyncSocketLib" />
		<Option pch_mode="2" />
		<Option compiler="gcc" />
		<Build>
			<Target title="Debug">
				<Option output="bin/Debug/AsyncSocketLib.lib" prefix_auto="0" extension_auto="0" />
				<Option working_dir="" />
				<Option object_output="bin/Debug" />
				<Option type="2" />
				<Option compiler="gcc" />
				<Option createDefFile="1" />
				<Compiler>
					<Add option="-Wall" />
					<Add option="-g" />
				</Compiler>
			</Target>
		</Build>
		<Linker>
			<Add option="-lpthread" />
			<Add library="../ParvicursorLib/bin/Debug/ParvicursorLib.lib" />
		</Linker>
		<Unit filename="AsyncSocket/AsyncSocket.cpp" />
		<Unit filename="AsyncSocket/AsyncSocket.h" />
		<Unit filename="AsyncSocket/AsyncSocketGlobals.h" />
		<Unit filename="AsyncSocket/AsyncSocketRuntimeManager.cpp" />
		<Unit filename="AsyncSocket/AsyncSocketRuntimeManager.h" />
		<Extensions>
			<code_completion />
			<debugger />
		</Extensions>
	</Project>
</CodeBlocks_project_file>
