Microsoft Visual Studio Solution File, Format Version 8.00
Project("{8BC9CEB8-8B4A-11D0-8D11-00A0C91BC942}") = "ParvicursorLib", "ParvicursorLib.vcproj", "{5AA9B888-33DE-4948-A2D0-8BC44A46AFC7}"
	ProjectSection(ProjectDependencies) = postProject
	EndProjectSection
EndProject
Project("{8BC9CEB8-8B4A-11D0-8D11-00A0C91BC942}") = "xSim2Lib", "..\xSim2Lib\xSim2Lib.vcproj", "{C4B40FDE-9D85-41E5-93A9-A74C3C4055B2}"
	ProjectSection(ProjectDependencies) = postProject
	EndProjectSection
EndProject
Project("{8BC9CEB8-8B4A-11D0-8D11-00A0C91BC942}") = "SystemC", "..\systemc-2.3.1\msvc70\SystemC\SystemC.vcproj", "{2C0D190D-B421-4068-801C-F8070AACA89A}"
	ProjectSection(ProjectDependencies) = postProject
	EndProjectSection
EndProject
Project("{8BC9CEB8-8B4A-11D0-8D11-00A0C91BC942}") = "PscTest - c432", "..\Samples\xSim2\PscTest\PscTest - c432.vcproj", "{128665C3-873E-466D-BD32-3AB13C263E44}"
	ProjectSection(ProjectDependencies) = postProject
	EndProjectSection
EndProject
Global
	GlobalSection(SolutionConfiguration) = preSolution
		Debug = Debug
		Release = Release
	EndGlobalSection
	GlobalSection(ProjectConfiguration) = postSolution
		{5AA9B888-33DE-4948-A2D0-8BC44A46AFC7}.Debug.ActiveCfg = Debug|Win32
		{5AA9B888-33DE-4948-A2D0-8BC44A46AFC7}.Debug.Build.0 = Debug|Win32
		{5AA9B888-33DE-4948-A2D0-8BC44A46AFC7}.Release.ActiveCfg = Release|Win32
		{5AA9B888-33DE-4948-A2D0-8BC44A46AFC7}.Release.Build.0 = Release|Win32
		{C4B40FDE-9D85-41E5-93A9-A74C3C4055B2}.Debug.ActiveCfg = Debug|Win32
		{C4B40FDE-9D85-41E5-93A9-A74C3C4055B2}.Debug.Build.0 = Debug|Win32
		{C4B40FDE-9D85-41E5-93A9-A74C3C4055B2}.Release.ActiveCfg = Release|Win32
		{C4B40FDE-9D85-41E5-93A9-A74C3C4055B2}.Release.Build.0 = Release|Win32
		{2C0D190D-B421-4068-801C-F8070AACA89A}.Debug.ActiveCfg = Debug|Win32
		{2C0D190D-B421-4068-801C-F8070AACA89A}.Debug.Build.0 = Debug|Win32
		{2C0D190D-B421-4068-801C-F8070AACA89A}.Release.ActiveCfg = Release|Win32
		{2C0D190D-B421-4068-801C-F8070AACA89A}.Release.Build.0 = Release|Win32
		{128665C3-873E-466D-BD32-3AB13C263E44}.Debug.ActiveCfg = Debug|Win32
		{128665C3-873E-466D-BD32-3AB13C263E44}.Debug.Build.0 = Debug|Win32
		{128665C3-873E-466D-BD32-3AB13C263E44}.Release.ActiveCfg = Release|Win32
		{128665C3-873E-466D-BD32-3AB13C263E44}.Release.Build.0 = Release|Win32
	EndGlobalSection
	GlobalSection(ExtensibilityGlobals) = postSolution
	EndGlobalSection
	GlobalSection(ExtensibilityAddIns) = postSolution
	EndGlobalSection
EndGlobal
