<?xml version="1.0" encoding="UTF-8" standalone="yes" ?>
<CodeBlocks_project_file>
	<FileVersion major="1" minor="6" />
	<Project>
		<Option title="ParvicursorLib" />
		<Option pch_mode="2" />
		<Option compiler="gcc" />
		<Build>
			<Target title="Debug">
				<Option output="bin/Debug/ParvicursorLib.lib" prefix_auto="0" extension_auto="0" />
				<Option working_dir="" />
				<Option object_output="bin/Debug" />
				<Option type="2" />
				<Option compiler="gcc" />
				<Option createDefFile="1" />
				<Compiler>
					<Add option="-fomit-frame-pointer" />
					<Add option="-w" />
					<Add option="-march=native" />
					<Add option="-DParvicursorLib_inlining" />
				</Compiler>
				<Linker>
					<Add option="-lcryptopp -lpthread" />
				</Linker>
			</Target>
		</Build>
		<Compiler>
			<Add option="-w" />
		</Compiler>
		<Unit filename="../Parvicursor/Atomic/atomic.h" />
		<Unit filename="../Parvicursor/Parvicursor/Collections/SinglyLinkedList.cpp" />
		<Unit filename="../Parvicursor/Parvicursor/Collections/SinglyLinkedList.h" />
		<Unit filename="../Parvicursor/Parvicursor/Parvicursor.Cryptography/AesEngine/AesEngine.cpp" />
		<Unit filename="../Parvicursor/Parvicursor/Parvicursor.Cryptography/AesEngine/AesEngine.h" />
		<Unit filename="../Parvicursor/Parvicursor/Parvicursor.Cryptography/RsaEngine/RsaEngine.cpp" />
		<Unit filename="../Parvicursor/Parvicursor/Parvicursor.Cryptography/RsaEngine/RsaEngine.h" />
		<Unit filename="../Parvicursor/Parvicursor/Parvicursor.Cryptography/ShaEngine/ShaEngine.cpp" />
		<Unit filename="../Parvicursor/Parvicursor/Parvicursor.Cryptography/ShaEngine/ShaEngine.h" />
		<Unit filename="../Parvicursor/Parvicursor/Parvicursor.Net/ParvicursorSocket/ParvicursorSocket.cpp" />
		<Unit filename="../Parvicursor/Parvicursor/Parvicursor.Net/ParvicursorSocket/ParvicursorSocket.h" />
		<Unit filename="../Parvicursor/Parvicursor/Profiler/ResourceProfiler.cpp" />
		<Unit filename="../Parvicursor/Parvicursor/Profiler/ResourceProfiler.h" />
		<Unit filename="../Parvicursor/Parvicursor/Serialization/DeSerializer.cpp" />
		<Unit filename="../Parvicursor/Parvicursor/Serialization/DeSerializer.h" />
		<Unit filename="../Parvicursor/Parvicursor/Serialization/Serializer.cpp" />
		<Unit filename="../Parvicursor/Parvicursor/Serialization/Serializer.h" />
		<Unit filename="../Parvicursor/Parvicursor/Shared/Enums/xDFS/TransferChannelMode.h" />
		<Unit filename="../Parvicursor/Parvicursor/xDFS/FileTransferInfo/FileTransferInfo.cpp" />
		<Unit filename="../Parvicursor/Parvicursor/xDFS/FileTransferInfo/FileTransferInfo.h" />
		<Unit filename="../Parvicursor/Parvicursor/xDFS/xDFSClients/DownloadClient/DownloadClient.cpp" />
		<Unit filename="../Parvicursor/Parvicursor/xDFS/xDFSClients/DownloadClient/DownloadClient.h" />
		<Unit filename="../Parvicursor/Parvicursor/xDFS/xDFSClients/FileStreamClient/FileStreamClient.cpp" />
		<Unit filename="../Parvicursor/Parvicursor/xDFS/xDFSClients/FileStreamClient/FileStreamClient.h" />
		<Unit filename="../Parvicursor/Parvicursor/xDFS/xDFSClients/UploadClient/UploadClient.cpp" />
		<Unit filename="../Parvicursor/Parvicursor/xDFS/xDFSClients/UploadClient/UploadClient.h" />
		<Unit filename="../Parvicursor/Parvicursor/xThread/xThreadBase.cpp" />
		<Unit filename="../Parvicursor/Parvicursor/xThread/xThreadBase.h" />
		<Unit filename="../Parvicursor/Parvicursor/xThread/xThreadClient/xThreadClient.cpp" />
		<Unit filename="../Parvicursor/Parvicursor/xThread/xThreadClient/xThreadClient.h" />
		<Unit filename="../Parvicursor/Parvicursor/xThread/xThreadCollection.cpp" />
		<Unit filename="../Parvicursor/StaticFunctions/StaticFunctions.cpp" />
		<Unit filename="../Parvicursor/StaticFunctions/StaticFunctions.h" />
		<Unit filename="../Parvicursor/System.Collections/ArrayList/ArrayList.cpp" />
		<Unit filename="../Parvicursor/System.Collections/ArrayList/ArrayList.h" />
		<Unit filename="../Parvicursor/System.Collections/Hashtable/Hashtable.cpp" />
		<Unit filename="../Parvicursor/System.Collections/Hashtable/Hashtable.h" />
		<Unit filename="../Parvicursor/System.Collections/Queue/Queue.cpp" />
		<Unit filename="../Parvicursor/System.Collections/Queue/Queue.h" />
		<Unit filename="../Parvicursor/System.IO/Directory/Directory.cpp" />
		<Unit filename="../Parvicursor/System.IO/Directory/Directory.h" />
		<Unit filename="../Parvicursor/System.IO/DirectoryNotFoundException/DirectoryNotFoundException.cpp" />
		<Unit filename="../Parvicursor/System.IO/DirectoryNotFoundException/DirectoryNotFoundException.h" />
		<Unit filename="../Parvicursor/System.IO/File/File.cpp" />
		<Unit filename="../Parvicursor/System.IO/File/File.h" />
		<Unit filename="../Parvicursor/System.IO/FileStream/FileStream.cpp" />
		<Unit filename="../Parvicursor/System.IO/FileStream/FileStream.h" />
		<Unit filename="../Parvicursor/System.IO/IOException/IOException.cpp" />
		<Unit filename="../Parvicursor/System.IO/IOException/IOException.h" />
		<Unit filename="../Parvicursor/System.Net.Sockets/AddressFamily/AddressFamily.h" />
		<Unit filename="../Parvicursor/System.Net.Sockets/AsynchSocket/AsynchSocket.h" />
		<Unit filename="../Parvicursor/System.Net.Sockets/AsynchSocket/AsynchSocketGlobals.h" />
		<Unit filename="../Parvicursor/System.Net.Sockets/AsynchSocket/AsynchSocketRuntimeManager.h" />
		<Unit filename="../Parvicursor/System.Net.Sockets/ProtocolType/ProtocolType.h" />
		<Unit filename="../Parvicursor/System.Net.Sockets/Socket/Socket.cpp" />
		<Unit filename="../Parvicursor/System.Net.Sockets/Socket/Socket.h" />
		<Unit filename="../Parvicursor/System.Net.Sockets/SocketException/SocketException.cpp" />
		<Unit filename="../Parvicursor/System.Net.Sockets/SocketException/SocketException.h" />
		<Unit filename="../Parvicursor/System.Net.Sockets/SocketFlags/SocketFlags.h" />
		<Unit filename="../Parvicursor/System.Net.Sockets/SocketShutdown/SocketShutdown.h" />
		<Unit filename="../Parvicursor/System.Net.Sockets/SocketType/SocketType.h" />
		<Unit filename="../Parvicursor/System.Net/Dns/Dns.cpp" />
		<Unit filename="../Parvicursor/System.Net/Dns/Dns.h" />
		<Unit filename="../Parvicursor/System.Net/IPAddress/IPAddress.cpp" />
		<Unit filename="../Parvicursor/System.Net/IPAddress/IPAddress.h" />
		<Unit filename="../Parvicursor/System.Net/IPEndPoint/IPEndPoint.cpp" />
		<Unit filename="../Parvicursor/System.Net/IPEndPoint/IPEndPoint.h" />
		<Unit filename="../Parvicursor/System.Net/IPHostEntry/IPHostEntry.cpp" />
		<Unit filename="../Parvicursor/System.Net/IPHostEntry/IPHostEntry.h" />
		<Unit filename="../Parvicursor/System.Net/NetworkCredential/NetworkCredential.cpp" />
		<Unit filename="../Parvicursor/System.Net/NetworkCredential/NetworkCredential.h" />
		<Unit filename="../Parvicursor/System.Threading/Barrier/Barrier.cpp" />
		<Unit filename="../Parvicursor/System.Threading/Barrier/Barrier.h" />
		<Unit filename="../Parvicursor/System.Threading/ConditionVariable/ConditionVariable.cpp" />
		<Unit filename="../Parvicursor/System.Threading/ConditionVariable/ConditionVariable.h" />
		<Unit filename="../Parvicursor/System.Threading/Fiber/Fiber.cpp" />
		<Unit filename="../Parvicursor/System.Threading/Fiber/Fiber.h" />
		<Unit filename="../Parvicursor/System.Threading/Mutex/Mutex.cpp" />
		<Unit filename="../Parvicursor/System.Threading/Mutex/Mutex.h" />
		<Unit filename="../Parvicursor/System.Threading/Thread/Thread.cpp" />
		<Unit filename="../Parvicursor/System.Threading/Thread/Thread.h" />
		<Unit filename="../Parvicursor/System.Threading/ThreadPool/ThreadPool.cpp" />
		<Unit filename="../Parvicursor/System.Threading/ThreadPool/ThreadPool.h" />
		<Unit filename="../Parvicursor/System.Threading/ThreadStateException/ThreadStateException.cpp" />
		<Unit filename="../Parvicursor/System.Threading/Timer/Timer.cpp" />
		<Unit filename="../Parvicursor/System.Threading/Timer/Timer.h" />
		<Unit filename="../Parvicursor/System/ArgumentException/ArgumentException.cpp" />
		<Unit filename="../Parvicursor/System/ArgumentException/ArgumentException.h" />
		<Unit filename="../Parvicursor/System/ArgumentException/ArgumentNullException.cpp" />
		<Unit filename="../Parvicursor/System/ArgumentException/ArgumentNullException.h" />
		<Unit filename="../Parvicursor/System/ArgumentException/ArgumentOutOfRangeException.cpp" />
		<Unit filename="../Parvicursor/System/ArgumentException/ArgumentOutOfRangeException.h" />
		<Unit filename="../Parvicursor/System/Async/Async.h" />
		<Unit filename="../Parvicursor/System/BasicTypes/BasicTypes.h" />
		<Unit filename="../Parvicursor/System/Convert/Convert.cpp" />
		<Unit filename="../Parvicursor/System/Convert/Convert.h" />
		<Unit filename="../Parvicursor/System/DateTime/DateTime.cpp" />
		<Unit filename="../Parvicursor/System/DateTime/DateTime.h" />
		<Unit filename="../Parvicursor/System/Environment/Environment.cpp" />
		<Unit filename="../Parvicursor/System/Environment/Environment.h" />
		<Unit filename="../Parvicursor/System/Exception/Exception.cpp" />
		<Unit filename="../Parvicursor/System/Exception/Exception.h" />
		<Unit filename="../Parvicursor/System/FormatException/FormatException.cpp" />
		<Unit filename="../Parvicursor/System/FormatException/FormatException.h" />
		<Unit filename="../Parvicursor/System/Guid/Guid.cpp" />
		<Unit filename="../Parvicursor/System/Guid/Guid.h" />
		<Unit filename="../Parvicursor/System/InvalidOperationException/InvalidOperationException.cpp" />
		<Unit filename="../Parvicursor/System/InvalidOperationException/InvalidOperationException.h" />
		<Unit filename="../Parvicursor/System/Math/Math.h" />
		<Unit filename="../Parvicursor/System/NotSupportedException/NotSupportedException.cpp" />
		<Unit filename="../Parvicursor/System/NotSupportedException/NotSupportedException.h" />
		<Unit filename="../Parvicursor/System/Object/Object.cpp" />
		<Unit filename="../Parvicursor/System/Object/Object.h" />
		<Unit filename="../Parvicursor/System/ObjectDisposedException/ObjectDisposedException.cpp" />
		<Unit filename="../Parvicursor/System/ObjectDisposedException/ObjectDisposedException.h" />
		<Unit filename="../Parvicursor/System/OverflowException/OverflowException.cpp" />
		<Unit filename="../Parvicursor/System/OverflowException/OverflowException.h" />
		<Unit filename="../Parvicursor/System/Random/Random.cpp" />
		<Unit filename="../Parvicursor/System/Random/Random.h" />
		<Unit filename="../Parvicursor/System/String/String.cpp" />
		<Unit filename="../Parvicursor/System/String/String.h" />
		<Unit filename="../Parvicursor/System/Type/Type.cpp" />
		<Unit filename="../Parvicursor/System/Type/Type.h" />
		<Unit filename="ReadMe.txt" />
		<Extensions />
	</Project>
</CodeBlocks_project_file>
