<?xml version="1.0" encoding="UTF-8" standalone="yes" ?>
<CodeBlocks_project_file>
	<FileVersion major="1" minor="6" />
	<Project>
		<Option title="AsyncResolver" />
		<Option pch_mode="2" />
		<Option compiler="gcc" />
		<Build>
			<Target title="Debug ">
				<Option output="bin/Debug/AsyncResolver.exe" prefix_auto="0" extension_auto="0" />
				<Option object_output="bin/Debug" />
				<Option type="1" />
				<Option compiler="gcc" />
				<Compiler>
					<Add option="-g" />
					<Add option="-W" />
					<Add option="-O0" />
					<Add option="-D_DEBUG" />
					<Add option="-D_CONSOLE" />
				</Compiler>
				<Linker>
					<Add option="-lpthread" />
					<Add library="../../ParvicursorLib/bin/Debug/ParvicursorLib.lib" />
					<Add directory="../../Parvicursor/System.Threading/Thread/" />
					<Add directory="../../ParvicursorLib/bin/Debug/" />
				</Linker>
			</Target>
		</Build>
		<Linker>
			<Add option="-lpthread" />
			<Add library="../../ParvicursorLib/bin/Debug/ParvicursorLib.lib" />
		</Linker>
		<Unit filename="ReadMe.txt" />
		<Unit filename="System.Net/Dns/AsyncDns.cpp" />
		<Unit filename="System.Net/Dns/AsyncDns.h" />
		<Unit filename="main.cpp" />
						<Extensions>
			<code_completion />
			<debugger />
		</Extensions>
	</Project>
</CodeBlocks_project_file>
